
Microsoft Visual Studio Solution File, Format Version 12.00
# Visual Studio Version 17
VisualStudioVersion = 17.0.31903.59
MinimumVisualStudioVersion = 10.0.40219.1
Project("{2150E333-8FDC-42A3-9474-1A3956D46DE8}") = "Solution Items", "Solution Items", "{85938023-1BBA-42AF-9AEC-CDC61F5CDE10}"
	ProjectSection(SolutionItems) = preProject
		.editorconfig = .editorconfig
		client-deployment.yml = client-deployment.yml
		.github\workflows\main_hungrygame.yml = .github\workflows\main_hungrygame.yml
		monster.ps1 = monster.ps1
		Readme.md = Readme.md
	EndProjectSection
EndProject
Project("{9A19103F-16F7-4668-BE54-9A1E7A4F7556}") = "HungryTests", "HungryTests\HungryTests.csproj", "{09CA89CF-3B1C-4983-AA45-96DF19E292E3}"
EndProject
Project("{2150E333-8FDC-42A3-9474-1A3956D46DE8}") = "clients", "clients", "{17F7A69E-4458-4E28-BF3B-A8C6980B2CB9}"
EndProject
Project("{9A19103F-16F7-4668-BE54-9A1E7A4F7556}") = "foolhearty", "clients\foolhearty\foolhearty.csproj", "{B098D1B7-99C2-4350-9CD8-A5BBFEA87442}"
EndProject
Project("{9A19103F-16F7-4668-BE54-9A1E7A4F7556}") = "HungryGame", "HungryGame\HungryGame.csproj", "{683F965A-7786-4A7A-A288-CECB44528C4C}"
EndProject
Global
	GlobalSection(SolutionConfigurationPlatforms) = preSolution
		Debug|Any CPU = Debug|Any CPU
		Release|Any CPU = Release|Any CPU
	EndGlobalSection
	GlobalSection(ProjectConfigurationPlatforms) = postSolution
		{09CA89CF-3B1C-4983-AA45-96DF19E292E3}.Debug|Any CPU.ActiveCfg = Debug|Any CPU
		{09CA89CF-3B1C-4983-AA45-96DF19E292E3}.Debug|Any CPU.Build.0 = Debug|Any CPU
		{09CA89CF-3B1C-4983-AA45-96DF19E292E3}.Release|Any CPU.ActiveCfg = Release|Any CPU
		{09CA89CF-3B1C-4983-AA45-96DF19E292E3}.Release|Any CPU.Build.0 = Release|Any CPU
		{B098D1B7-99C2-4350-9CD8-A5BBFEA87442}.Debug|Any CPU.ActiveCfg = Debug|Any CPU
		{B098D1B7-99C2-4350-9CD8-A5BBFEA87442}.Debug|Any CPU.Build.0 = Debug|Any CPU
		{B098D1B7-99C2-4350-9CD8-A5BBFEA87442}.Release|Any CPU.ActiveCfg = Release|Any CPU
		{B098D1B7-99C2-4350-9CD8-A5BBFEA87442}.Release|Any CPU.Build.0 = Release|Any CPU
		{683F965A-7786-4A7A-A288-CECB44528C4C}.Debug|Any CPU.ActiveCfg = Debug|Any CPU
		{683F965A-7786-4A7A-A288-CECB44528C4C}.Debug|Any CPU.Build.0 = Debug|Any CPU
		{683F965A-7786-4A7A-A288-CECB44528C4C}.Release|Any CPU.ActiveCfg = Release|Any CPU
		{683F965A-7786-4A7A-A288-CECB44528C4C}.Release|Any CPU.Build.0 = Release|Any CPU
	EndGlobalSection
	GlobalSection(SolutionProperties) = preSolution
		HideSolutionNode = FALSE
	EndGlobalSection
	GlobalSection(NestedProjects) = preSolution
		{B098D1B7-99C2-4350-9CD8-A5BBFEA87442} = {17F7A69E-4458-4E28-BF3B-A8C6980B2CB9}
	EndGlobalSection
	GlobalSection(ExtensibilityGlobals) = postSolution
		SolutionGuid = {B8E988C0-9E41-4692-995F-CAF59F194D4D}
	EndGlobalSection
EndGlobal
